
Microsoft Visual Studio Solution File, Format Version 12.00
# Visual Studio Version 16
VisualStudioVersion = 16.0.31019.35
MinimumVisualStudioVersion = 10.0.40219.1
Project("{FAE04EC0-301F-11D3-BF4B-00C04F79EFBC}") = "TM.RestHour.ImportApprovalData", "TM.RestHour.ImportApprovalData\TM.RestHour.ImportApprovalData.csproj", "{0F06C3CB-2825-40DA-9982-E51566117793}"
EndProject
Global
	GlobalSection(SolutionConfigurationPlatforms) = preSolution
		Debug|Any CPU = Debug|Any CPU
		Release|Any CPU = Release|Any CPU
	EndGlobalSection
	GlobalSection(ProjectConfigurationPlatforms) = postSolution
		{0F06C3CB-2825-40DA-9982-E51566117793}.Debug|Any CPU.ActiveCfg = Debug|Any CPU
		{0F06C3CB-2825-40DA-9982-E51566117793}.Debug|Any CPU.Build.0 = Debug|Any CPU
		{0F06C3CB-2825-40DA-9982-E51566117793}.Release|Any CPU.ActiveCfg = Release|Any CPU
		{0F06C3CB-2825-40DA-9982-E51566117793}.Release|Any CPU.Build.0 = Release|Any CPU
	EndGlobalSection
	GlobalSection(SolutionProperties) = preSolution
		HideSolutionNode = FALSE
	EndGlobalSection
	GlobalSection(ExtensibilityGlobals) = postSolution
		SolutionGuid = {FA54081F-DABD-4408-8E09-AB72866164A9}
	EndGlobalSection
EndGlobal
